Microsoft Visual Studio Solution File, Format Version 12.00
# Visual Studio Version 17
VisualStudioVersion = 17.5.2.0
MinimumVisualStudioVersion = 10.0.40219.1
Project("{FAE04EC0-301F-11D3-BF4B-00C04F79EFBC}") = "AlmadaKing", "AlmadaKing.csproj", "{FF04850E-D298-C99F-7C21-0FEDDDAF6A75}"
EndProject
Global
	GlobalSection(SolutionConfigurationPlatforms) = preSolution
		Debug|Any CPU = Debug|Any CPU
		Release|Any CPU = Release|Any CPU
	EndGlobalSection
	GlobalSection(ProjectConfigurationPlatforms) = postSolution
		{FF04850E-D298-C99F-7C21-0FEDDDAF6A75}.Debug|Any CPU.ActiveCfg = Debug|Any CPU
		{FF04850E-D298-C99F-7C21-0FEDDDAF6A75}.Debug|Any CPU.Build.0 = Debug|Any CPU
		{FF04850E-D298-C99F-7C21-0FEDDDAF6A75}.Release|Any CPU.ActiveCfg = Release|Any CPU
		{FF04850E-D298-C99F-7C21-0FEDDDAF6A75}.Release|Any CPU.Build.0 = Release|Any CPU
	EndGlobalSection
	GlobalSection(SolutionProperties) = preSolution
		HideSolutionNode = FALSE
	EndGlobalSection
	GlobalSection(ExtensibilityGlobals) = postSolution
		SolutionGuid = {E51F7DB2-A13E-4EF4-8752-8AEC089E9EE9}
	EndGlobalSection
EndGlobal
